{
  "version": 4,
  "terraform_version": "1.5.0",
  "serial": 1,
  "lineage": "a1b2c3d4-e5f6-7890-abcd-ef1234567890",
  "outputs": {
    "cloudwatch_alarms": {
      "value": {
        "high_cpu_alarm": "arn:aws:cloudwatch:us-east-1:618300337335:alarm:rightsize-demo-high-cpu",
        "low_cpu_alarm": "arn:aws:cloudwatch:us-east-1:618300337335:alarm:rightsize-demo-low-cpu"
      },
      "type": [
        "object",
        {
          "high_cpu_alarm": "string",
          "low_cpu_alarm": "string"
        }
      ]
    },
    "current_monthly_cost_estimate": {
      "value": "$80.00",
      "type": "string"
    },
    "instance_arn": {
      "value": "arn:aws:ec2:us-east-1:618300337335:instance/i-0e823b1b3a14d6a60",
      "type": "string"
    },
    "instance_id": {
      "value": "i-0e823b1b3a14d6a60",
      "type": "string"
    },
    "instance_private_ip": {
      "value": "10.0.1.156",
      "type": "string"
    },
    "instance_public_dns": {
      "value": "ec2-54-123-45-67.compute-1.amazonaws.com",
      "type": "string"
    },
    "instance_public_ip": {
      "value": "54.123.45.67",
      "type": "string"
    },
    "instance_type": {
      "value": "t3.large",
      "type": "string"
    },
    "key_pair_name": {
      "value": "rightsize-demo-key",
      "type": "string"
    },
    "potential_monthly_savings": {
      "value": "$48.00",
      "type": "string"
    },
    "rightsize_recommendations": {
      "value": {
        "check_name": "Amazon EC2 cost optimization recommendations for instances",
        "current_instance_type": "t3.large",
        "recommendations": [
          "Rightsize from t3.large to t2.large",
          "Upgrade from t2.large to t3.large",
          "Stop underutilized instance",
          "Migrate from m4.4xlarge to x8g.xlarge (Graviton)"
        ],
        "trusted_advisor_check_id": "c1z7kmr00n"
      },
      "type": [
        "object",
        {
          "check_name": "string",
          "current_instance_type": "string",
          "recommendations": [
            "tuple",
            [
              "string",
              "string",
              "string",
              "string"
            ]
          ],
          "trusted_advisor_check_id": "string"
        }
      ]
    },
    "savings_percentage": {
      "value": "60%",
      "type": "string"
    },
    "security_group_id": {
      "value": "sg-0a1b2c3d4e5f67890",
      "type": "string"
    },
    "ssh_connection_command": {
      "value": "ssh -i ~/.ssh/rightsize-demo-key ec2-user@54.123.45.67",
      "type": "string"
    },
    "subnet_id": {
      "value": "subnet-0123456789abcdef0",
      "type": "string"
    },
    "vpc_id": {
      "value": "vpc-0987654321fedcba0",
      "type": "string"
    }
  },
  "resources": [
    {
      "mode": "data",
      "type": "aws_ami",
      "name": "amazon_linux",
      "provider": "provider[\"registry.terraform.io/hashicorp/aws\"]",
      "instances": [
        {
          "schema_version": 0,
          "attributes": {
            "architecture": "x86_64",
            "arn": "arn:aws:ec2:us-east-1::image/ami-0abcdef1234567890",
            "block_device_mappings": [
              {
                "device_name": "/dev/xvda",
                "ebs": {
                  "delete_on_termination": "true",
                  "encrypted": "false",
                  "iops": "0",
                  "snapshot_id": "snap-0123456789abcdef0",
                  "throughput": "0",
                  "volume_size": "8",
                  "volume_type": "gp2"
                },
                "no_device": "",
                "virtual_name": ""
              }
            ],
            "boot_mode": "",
            "creation_date": "2023-04-10T14:30:00.000Z",
            "deprecation_time": "2025-04-10T14:30:00.000Z",
            "description": "Amazon Linux 2 AMI 2.0.20230404.1 x86_64 HVM gp2",
            "ena_support": true,
            "executable_users": null,
            "filter": [
              {
                "name": "name",
                "values": [
                  "amzn2-ami-hvm-*-x86_64-gp2"
                ]
              },
              {
                "name": "virtualization-type",
                "values": [
                  "hvm"
                ]
              }
            ],
            "hypervisor": "xen",
            "id": "ami-0abcdef1234567890",
            "image_id": "ami-0abcdef1234567890",
            "image_location": "amazon/amzn2-ami-hvm-2.0.20230404.1-x86_64-gp2",
            "image_owner_alias": "amazon",
            "image_type": "machine",
            "imds_support": "",
            "include_deprecated": false,
            "kernel_id": "",
            "most_recent": true,
            "name": "amzn2-ami-hvm-2.0.20230404.1-x86_64-gp2",
            "name_regex": null,
            "owner_alias": "amazon",
            "owner_id": "137112412989",
            "owners": [
              "amazon"
            ],
            "platform": "",
            "platform_details": "Linux/UNIX",
            "product_codes": [],
            "public": true,
            "ramdisk_id": "",
            "root_device_name": "/dev/xvda",
            "root_device_type": "ebs",
            "root_snapshot_id": "snap-0123456789abcdef0",
            "sriov_net_support": "simple",
            "state": "available",
            "state_reason": {
              "code": "UNSET",
              "message": "UNSET"
            },
            "tags": {},
            "tpm_support": "",
            "usage_operation": "RunInstances",
            "virtualization_type": "hvm"
          },
          "sensitive_attributes": []
        }
      ]
    },
    {
      "mode": "data",
      "type": "aws_availability_zones",
      "name": "available",
      "provider": "provider[\"registry.terraform.io/hashicorp/aws\"]",
      "instances": [
        {
          "schema_version": 0,
          "attributes": {
            "all_availability_zones": null,
            "exclude_names": null,
            "exclude_zone_ids": null,
            "filter": null,
            "group_names": [
              "us-east-1"
            ],
            "id": "us-east-1",
            "names": [
              "us-east-1a",
              "us-east-1b",
              "us-east-1c",
              "us-east-1d",
              "us-east-1e",
              "us-east-1f"
            ],
            "state": "available",
            "zone_ids": [
              "use1-az1",
              "use1-az2",
              "use1-az4",
              "use1-az6",
              "use1-az3",
              "use1-az5"
            ]
          },
          "sensitive_attributes": []
        }
      ]
    },
    {
      "mode": "managed",
      "type": "aws_cloudwatch_metric_alarm",
      "name": "cpu_low_utilization",
      "provider": "provider[\"registry.terraform.io/hashicorp/aws\"]",
      "instances": [
        {
          "schema_version": 1,
          "attributes": {
            "actions_enabled": true,
            "alarm_actions": [],
            "alarm_description": "This metric monitors low ec2 cpu utilization for rightsizing",
            "alarm_name": "rightsize-demo-low-cpu",
            "arn": "arn:aws:cloudwatch:us-east-1:618300337335:alarm:rightsize-demo-low-cpu",
            "comparison_operator": "LessThanThreshold",
            "datapoints_to_alarm": 0,
            "dimensions": {
              "InstanceId": "i-0e823b1b3a14d6a60"
            },
            "evaluate_low_sample_count_percentiles": "",
            "evaluation_periods": 3,
            "extended_statistic": "",
            "id": "rightsize-demo-low-cpu",
            "insufficient_data_actions": [],
            "metric_name": "CPUUtilization",
            "metric_query": [],
            "namespace": "AWS/EC2",
            "ok_actions": [],
            "period": 300,
            "statistic": "Average",
            "tags": {
              "Name": "rightsize-demo-low-cpu-alarm"
            },
            "tags_all": {
              "Environment": "demo",
              "ManagedBy": "terraform",
              "Name": "rightsize-demo-low-cpu-alarm",
              "Project": "rightsize-example"
            },
            "threshold": 10,
            "threshold_metric_id": "",
            "treat_missing_data": "missing",
            "unit": ""
          },
          "sensitive_attributes": [],
          "private": "eyJzY2hlbWFfdmVyc2lvbiI6IjEifQ==",
          "dependencies": [
            "aws_instance.main"
          ]
        }
      ]
    },
    {
      "mode": "managed",
      "type": "aws_cloudwatch_metric_alarm",
      "name": "cpu_utilization",
      "provider": "provider[\"registry.terraform.io/hashicorp/aws\"]",
      "instances": [
        {
          "schema_version": 1,
          "attributes": {
            "actions_enabled": true,
            "alarm_actions": [],
            "alarm_description": "This metric monitors ec2 cpu utilization",
            "alarm_name": "rightsize-demo-high-cpu",
            "arn": "arn:aws:cloudwatch:us-east-1:618300337335:alarm:rightsize-demo-high-cpu",
            "comparison_operator": "GreaterThanThreshold",
            "datapoints_to_alarm": 0,
            "dimensions": {
              "InstanceId": "i-0e823b1b3a14d6a60"
            },
            "evaluate_low_sample_count_percentiles": "",
            "evaluation_periods": 2,
            "extended_statistic": "",
            "id": "rightsize-demo-high-cpu",
            "insufficient_data_actions": [],
            "metric_name": "CPUUtilization",
            "metric_query": [],
            "namespace": "AWS/EC2",
            "ok_actions": [],
            "period": 300,
            "statistic": "Average",
            "tags": {
              "Name": "rightsize-demo-cpu-alarm"
            },
            "tags_all": {
              "Environment": "demo",
              "ManagedBy": "terraform",
              "Name": "rightsize-demo-cpu-alarm",
              "Project": "rightsize-example"
            },
            "threshold": 80,
            "threshold_metric_id": "",
            "treat_missing_data": "missing",
            "unit": ""
          },
          "sensitive_attributes": [],
          "private": "eyJzY2hlbWFfdmVyc2lvbiI6IjEifQ==",
          "dependencies": [
            "aws_instance.main"
          ]
        }
      ]
    },
    {
      "mode": "managed",
      "type": "aws_instance",
      "name": "main",
      "provider": "provider[\"registry.terraform.io/hashicorp/aws\"]",
      "instances": [
        {
          "schema_version": 1,
          "attributes": {
            "ami": "ami-0abcdef1234567890",
            "arn": "arn:aws:ec2:us-east-1:618300337335:instance/i-0e823b1b3a14d6a60",
            "associate_public_ip_address": true,
            "availability_zone": "us-east-1a",
            "capacity_reservation_specification": [
              {
                "capacity_reservation_preference": "open",
                "capacity_reservation_target": []
              }
            ],
            "cpu_core_count": 1,
            "cpu_threads_per_core": 2,
            "credit_specification": [
              {
                "cpu_credits": "unlimited"
              }
            ],
            "disable_api_stop": false,
            "disable_api_termination": false,
            "ebs_block_device": [],
            "ebs_optimized": false,
            "enclave_options": [
              {
                "enabled": false
              }
            ],
            "ephemeral_block_device": [],
            "get_password_data": false,
            "hibernation": false,
            "host_id": "",
            "host_resource_group_arn": null,
            "iam_instance_profile": "",
            "id": "i-0e823b1b3a14d6a60",
            "instance_initiated_shutdown_behavior": "stop",
            "instance_state": "running",
            "instance_type": "t3.large",
            "ipv6_address_count": 0,
            "ipv6_addresses": [],
            "key_name": "rightsize-demo-key",
            "launch_template": [],
            "maintenance_options": [
              {
                "auto_recovery": "default"
              }
            ],
            "metadata_options": [
              {
                "http_endpoint": "enabled",
                "http_put_response_hop_limit": 1,
                "http_tokens": "required",
                "instance_metadata_tags": "disabled"
              }
            ],
            "monitoring": false,
            "network_interface": [],
            "outpost_arn": "",
            "password_data": "",
            "placement_group": "",
            "placement_partition_number": 0,
            "primary_network_interface_id": "eni-0123456789abcdef0",
            "private_dns": "ip-10-0-1-156.ec2.internal",
            "private_ip": "10.0.1.156",
            "public_dns": "ec2-54-123-45-67.compute-1.amazonaws.com",
            "public_ip": "54.123.45.67",
            "root_block_device": [
              {
                "delete_on_termination": true,
                "device_name": "/dev/xvda",
                "encrypted": true,
                "iops": 3000,
                "kms_key_id": "arn:aws:kms:us-east-1:618300337335:key/12345678-1234-1234-1234-123456789012",
                "tags": {
                  "Name": "rightsize-demo-root-volume"
                },
                "tags_all": {
                  "Environment": "demo",
                  "ManagedBy": "terraform",
                  "Name": "rightsize-demo-root-volume",
                  "Project": "rightsize-example"
                },
                "throughput": 125,
                "volume_id": "vol-0123456789abcdef0",
                "volume_size": 20,
                "volume_type": "gp3"
              }
            ],
            "secondary_private_ips": [],
            "security_groups": [],
            "source_dest_check": true,
            "subnet_id": "subnet-0123456789abcdef0",
            "tags": {
              "CurrentMonthlyCost": "$80.00",
              "InstanceType": "t3.large",
              "Name": "rightsize-demo-instance",
              "PotentialSavings": "$48.00",
              "RecommendedActions": "Rightsize to t2.large, Upgrade to t3.large, Stop, MigrateToGraviton",
              "RightsizeRecommendation": "This instance has cost optimization recommendations",
              "TrustedAdvisorCheckId": "c1z7kmr00n"
            },
            "tags_all": {
              "CostCenter": "engineering",
              "CurrentMonthlyCost": "$80.00",
              "Environment": "demo",
              "InstanceType": "t3.large",
              "ManagedBy": "terraform",
              "Name": "rightsize-demo-instance",
              "Owner": "cloudzero-demo",
              "PotentialSavings": "$48.00",
              "Project": "rightsize-example",
              "RecommendedActions": "Rightsize to t2.large, Upgrade to t3.large, Stop, MigrateToGraviton",
              "RightsizeRecommendation": "This instance has cost optimization recommendations",
              "TrustedAdvisorCheckId": "c1z7kmr00n"
            },
            "tenancy": "default",
            "timeouts": null,
            "user_data": "IyEvYmluL2Jhc2gKIyBVc2VyIGRhdGEgc2NyaXB0IGZvciBFQzIgaW5zdGFuY2Ugc2V0dXAKIyBUaGlzIHNjcmlwdCBydW5zIG9uIGluc3RhbmNlIGxhdW5jaAoKIyBVcGRhdGUgc3lzdGVtIHBhY2thZ2VzCnl1bSB1cGRhdGUgLXkK",
            "user_data_base64": null,
            "user_data_replace_on_change": false,
            "volume_tags": null,
            "vpc_security_group_ids": [
              "sg-0a1b2c3d4e5f67890"
            ]
          },
          "sensitive_attributes": [],
          "private": "eyJlMmJmYjczMC1lY2FhLTExZTYtOGY4OC0zNDM2M2JjN2M0YzAiOnsiY3JlYXRlIjo2MDAwMDAwMDAwMDAsImRlbGV0ZSI6MTIwMDAwMDAwMDAwMCwidXBkYXRlIjo2MDAwMDAwMDAwMDB9LCJzY2hlbWFfdmVyc2lvbiI6IjEifQ==",
          "dependencies": [
            "aws_key_pair.main",
            "aws_security_group.ec2_sg",
            "aws_subnet.public",
            "data.aws_ami.amazon_linux"
          ]
        }
      ]
    },
    {
      "mode": "managed",
      "type": "aws_internet_gateway",
      "name": "main",
      "provider": "provider[\"registry.terraform.io/hashicorp/aws\"]",
      "instances": [
        {
          "schema_version": 0,
          "attributes": {
            "arn": "arn:aws:ec2:us-east-1:618300337335:internet-gateway/igw-0123456789abcdef0",
            "id": "igw-0123456789abcdef0",
            "owner_id": "618300337335",
            "tags": {
              "Name": "rightsize-demo-igw"
            },
            "tags_all": {
              "CostCenter": "engineering",
              "Environment": "demo",
              "ManagedBy": "terraform",
              "Name": "rightsize-demo-igw",
              "Owner": "cloudzero-demo",
              "Project": "rightsize-example"
            },
            "timeouts": null,
            "vpc_id": "vpc-0987654321fedcba0"
          },
          "sensitive_attributes": [],
          "private": "eyJlMmJmYjczMC1lY2FhLTExZTYtOGY4OC0zNDM2M2JjN2M0YzAiOnsiY3JlYXRlIjoxMjAwMDAwMDAwMDAwLCJkZWxldGUiOjEyMDAwMDAwMDAwMDAsInVwZGF0ZSI6MTIwMDAwMDAwMDAwMH19",
          "dependencies": [
            "aws_vpc.main"
          ]
        }
      ]
    },
    {
      "mode": "managed",
      "type": "aws_key_pair",
      "name": "main",
      "provider": "provider[\"registry.terraform.io/hashicorp/aws\"]",
      "instances": [
        {
          "schema_version": 1,
          "attributes": {
            "arn": "arn:aws:ec2:us-east-1:618300337335:key-pair/rightsize-demo-key",
            "fingerprint": "12:34:56:78:90:ab:cd:ef:12:34:56:78:90:ab:cd:ef",
            "id": "rightsize-demo-key",
            "key_name": "rightsize-demo-key",
            "key_name_prefix": "",
            "key_pair_id": "key-0123456789abcdef0",
            "key_type": "rsa",
            "public_key": "ssh-rsa AAAAB3NzaC1yc2EAAAADAQABAAABgQC7... # Replace with your actual public key",
            "tags": {
              "Name": "rightsize-demo-key-pair"
            },
            "tags_all": {
              "CostCenter": "engineering",
              "Environment": "demo",
              "ManagedBy": "terraform",
              "Name": "rightsize-demo-key-pair",
              "Owner": "cloudzero-demo",
              "Project": "rightsize-example"
            }
          },
          "sensitive_attributes": [],
          "private": "eyJzY2hlbWFfdmVyc2lvbiI6IjEifQ=="
        }
      ]
    },
    {
      "mode": "managed",
      "type": "aws_route_table",
      "name": "public",
      "provider": "provider[\"registry.terraform.io/hashicorp/aws\"]",
      "instances": [
        {
          "schema_version": 0,
          "attributes": {
            "arn": "arn:aws:ec2:us-east-1:618300337335:route-table/rtb-0123456789abcdef0",
            "id": "rtb-0123456789abcdef0",
            "owner_id": "618300337335",
            "propagating_vgws": [],
            "route": [
              {
                "carrier_gateway_id": "",
                "cidr_block": "0.0.0.0/0",
                "core_network_arn": "",
                "destination_prefix_list_id": "",
                "egress_only_gateway_id": "",
                "gateway_id": "igw-0123456789abcdef0",
                "instance_id": "",
                "ipv6_cidr_block": "",
                "local_gateway_id": "",
                "nat_gateway_id": "",
                "network_interface_id": "",
                "transit_gateway_id": "",
                "vpc_endpoint_id": "",
                "vpc_peering_connection_id": ""
              }
            ],
            "tags": {
              "Name": "rightsize-demo-public-rt"
            },
            "tags_all": {
              "CostCenter": "engineering",
              "Environment": "demo",
              "ManagedBy": "terraform",
              "Name": "rightsize-demo-public-rt",
              "Owner": "cloudzero-demo",
              "Project": "rightsize-example"
            },
            "timeouts": null,
            "vpc_id": "vpc-0987654321fedcba0"
          },
          "sensitive_attributes": [],
          "private": "eyJlMmJmYjczMC1lY2FhLTExZTYtOGY4OC0zNDM2M2JjN2M0YzAiOnsiY3JlYXRlIjozMDAwMDAwMDAwMDAsImRlbGV0ZSI6MzAwMDAwMDAwMDAwLCJ1cGRhdGUiOjEyMDAwMDAwMDAwMH19",
          "dependencies": [
            "aws_internet_gateway.main",
            "aws_vpc.main"
          ]
        }
      ]
    },
    {
      "mode": "managed",
      "type": "aws_route_table_association",
      "name": "public",
      "provider": "provider[\"registry.terraform.io/hashicorp/aws\"]",
      "instances": [
        {
          "schema_version": 0,
          "attributes": {
            "gateway_id": "",
            "id": "rtbassoc-0123456789abcdef0",
            "route_table_id": "rtb-0123456789abcdef0",
            "subnet_id": "subnet-0123456789abcdef0",
            "timeouts": null
          },
          "sensitive_attributes": [],
          "private": "eyJlMmJmYjczMC1lY2FhLTExZTYtOGY4OC0zNDM2M2JjN2M0YzAiOnsiY3JlYXRlIjozMDAwMDAwMDAwMDAsImRlbGV0ZSI6MzAwMDAwMDAwMDAwLCJ1cGRhdGUiOjEyMDAwMDAwMDAwMH19",
          "dependencies": [
            "aws_route_table.public",
            "aws_subnet.public"
          ]
        }
      ]
    },
    {
      "mode": "managed",
      "type": "aws_security_group",
      "name": "ec2_sg",
      "provider": "provider[\"registry.terraform.io/hashicorp/aws\"]",
      "instances": [
        {
          "schema_version": 1,
          "attributes": {
            "arn": "arn:aws:ec2:us-east-1:618300337335:security-group/sg-0a1b2c3d4e5f67890",
            "description": "Security group for EC2 instance - Rightsize example",
            "egress": [
              {
                "cidr_blocks": [
                  "0.0.0.0/0"
                ],
                "description": "",
                "from_port": 0,
                "ipv6_cidr_blocks": [],
                "prefix_list_ids": [],
                "protocol": "-1",
                "security_groups": [],
                "self": false,
                "to_port": 0
              }
            ],
            "id": "sg-0a1b2c3d4e5f67890",
            "ingress": [
              {
                "cidr_blocks": [
                  "0.0.0.0/0"
                ],
                "description": "HTTP",
                "from_port": 80,
                "ipv6_cidr_blocks": [],
                "prefix_list_ids": [],
                "protocol": "tcp",
                "security_groups": [],
                "self": false,
                "to_port": 80
              },
              {
                "cidr_blocks": [
                  "0.0.0.0/0"
                ],
                "description": "HTTPS",
                "from_port": 443,
                "ipv6_cidr_blocks": [],
                "protocol": "tcp",
                "security_groups": [],
                "self": false,
                "to_port": 443
              },
              {
                "cidr_blocks": [
                  "0.0.0.0/0"
                ],
                "description": "SSH",
                "from_port": 22,
                "ipv6_cidr_blocks": [],
                "prefix_list_ids": [],
                "protocol": "tcp",
                "security_groups": [],
                "self": false,
                "to_port": 22
              }
            ],
            "name": "rightsize-demo-ec2-20230415143000123456789012",
            "name_prefix": "rightsize-demo-ec2-",
            "owner_id": "618300337335",
            "revoke_rules_on_delete": false,
            "tags": {
              "Name": "rightsize-demo-ec2-sg"
            },
            "tags_all": {
              "CostCenter": "engineering",
              "Environment": "demo",
              "ManagedBy": "terraform",
              "Name": "rightsize-demo-ec2-sg",
              "Owner": "cloudzero-demo",
              "Project": "rightsize-example"
            },
            "timeouts": null,
            "vpc_id": "vpc-0987654321fedcba0"
          },
          "sensitive_attributes": [],
          "private": "eyJlMmJmYjczMC1lY2FhLTExZTYtOGY4OC0zNDM2M2JjN2M0YzAiOnsiY3JlYXRlIjo2MDAwMDAwMDAwMDAsImRlbGV0ZSI6OTAwMDAwMDAwMDAwfSwic2NoZW1hX3ZlcnNpb24iOiIxIn0=",
          "dependencies": [
            "aws_vpc.main"
          ]
        }
      ]
    },
    {
      "mode": "managed",
      "type": "aws_subnet",
      "name": "public",
      "provider": "provider[\"registry.terraform.io/hashicorp/aws\"]",
      "instances": [
        {
          "schema_version": 1,
          "attributes": {
            "arn": "arn:aws:ec2:us-east-1:618300337335:subnet/subnet-0123456789abcdef0",
            "assign_ipv6_address_on_creation": false,
            "availability_zone": "us-east-1a",
            "availability_zone_id": "use1-az1",
            "cidr_block": "10.0.1.0/24",
            "customer_owned_ipv4_pool": "",
            "enable_dns64": false,
            "enable_resource_name_dns_a_record_on_launch": false,
            "enable_resource_name_dns_aaaa_record_on_launch": false,
            "id": "subnet-0123456789abcdef0",
            "ipv6_cidr_block": "",
            "ipv6_cidr_block_association_id": "",
            "ipv6_native": false,
            "map_customer_owned_ip_on_launch": false,
            "map_public_ip_on_launch": true,
            "outpost_arn": "",
            "owner_id": "618300337335",
            "private_dns_hostname_type_on_launch": "ip-name",
            "tags": {
              "Name": "rightsize-demo-public-subnet",
              "Type": "Public"
            },
            "tags_all": {
              "CostCenter": "engineering",
              "Environment": "demo",
              "ManagedBy": "terraform",
              "Name": "rightsize-demo-public-subnet",
              "Owner": "cloudzero-demo",
              "Project": "rightsize-example",
              "Type": "Public"
            },
            "timeouts": null,
            "vpc_id": "vpc-0987654321fedcba0"
          },
          "sensitive_attributes": [],
          "private": "eyJlMmJmYjczMC1lY2FhLTExZTYtOGY4OC0zNDM2M2JjN2M0YzAiOnsiY3JlYXRlIjo2MDAwMDAwMDAwMDAsImRlbGV0ZSI6MTIwMDAwMDAwMDAwMH0sInNjaGVtYV92ZXJzaW9uIjoiMSJ9",
          "dependencies": [
            "aws_vpc.main",
            "data.aws_availability_zones.available"
          ]
        }
      ]
    },
    {
      "mode": "managed",
      "type": "aws_vpc",
      "name": "main",
      "provider": "provider[\"registry.terraform.io/hashicorp/aws\"]",
      "instances": [
        {
          "schema_version": 1,
          "attributes": {
            "arn": "arn:aws:ec2:us-east-1:618300337335:vpc/vpc-0987654321fedcba0",
            "assign_generated_ipv6_cidr_block": false,
            "cidr_block": "10.0.0.0/16",
            "default_network_acl_id": "acl-0123456789abcdef0",
            "default_route_table_id": "rtb-0987654321fedcba0",
            "default_security_group_id": "sg-0987654321fedcba0",
            "dhcp_options_id": "dopt-0123456789abcdef0",
            "enable_classiclink": false,
            "enable_classiclink_dns_support": false,
            "enable_dns_hostnames": true,
            "enable_dns_support": true,
            "enable_network_address_usage_metrics": false,
            "id": "vpc-0987654321fedcba0",
            "instance_tenancy": "default",
            "ipv4_ipam_pool_id": null,
            "ipv4_netmask_length": null,
            "ipv6_association_id": "",
            "ipv6_cidr_block": "",
            "ipv6_cidr_block_network_border_group": "",
            "ipv6_ipam_pool_id": "",
            "ipv6_netmask_length": 0,
            "main_route_table_id": "rtb-0987654321fedcba0",
            "owner_id": "618300337335",
            "tags": {
              "Name": "rightsize-demo-vpc"
            },
            "tags_all": {
              "CostCenter": "engineering",
              "Environment": "demo",
              "ManagedBy": "terraform",
              "Name": "rightsize-demo-vpc",
              "Owner": "cloudzero-demo",
              "Project": "rightsize-example"
            }
          },
          "sensitive_attributes": [],
          "private": "eyJzY2hlbWFfdmVyc2lvbiI6IjEifQ=="
        }
      ]
    }
  ],
  "check_results": null
}

